
Microsoft Visual Studio Solution File, Format Version 12.00
# Visual Studio Version 16
VisualStudioVersion = 16.0.29001.49
MinimumVisualStudioVersion = 10.0.40219.1
Project("{9A19103F-16F7-4668-BE54-9A1E7A4F7556}") = "InfoWebAPI", "Presentation\InfoWebAPI\InfoWebAPI.csproj", "{989C591C-EB49-41BA-BE86-86C409E4A4D7}"
EndProject
Project("{9A19103F-16F7-4668-BE54-9A1E7A4F7556}") = "InfoWebAPI.Domain", "Core\InfoWebAPI.Domain\InfoWebAPI.Domain.csproj", "{A9DD4816-11F4-41E4-8189-79C7E011A11A}"
EndProject
Project("{9A19103F-16F7-4668-BE54-9A1E7A4F7556}") = "InfoWebAPI.Core.Application", "Core\Application\InfoWebAPI.Core.Application\InfoWebAPI.Core.Application.csproj", "{1033E521-7255-4162-A9E1-ACFC7245A638}"
EndProject
Project("{9A19103F-16F7-4668-BE54-9A1E7A4F7556}") = "InfoWebAPI.Persistence", "Persistence\InfoWebAPI.Persistence\InfoWebAPI.Persistence.csproj", "{05BB5107-1A2D-4307-A9FE-946FA651B166}"
EndProject
Project("{2150E333-8FDC-42A3-9474-1A3956D46DE8}") = "Src", "Src", "{FE5AAAAD-C6C6-4150-8610-F29760A48B03}"
EndProject
Project("{2150E333-8FDC-42A3-9474-1A3956D46DE8}") = "Core", "Core", "{00FA9780-3674-4A5E-8A74-13ADB166DF78}"
EndProject
Project("{2150E333-8FDC-42A3-9474-1A3956D46DE8}") = "Infrastructure", "Infrastructure", "{52C121DA-8CC8-40FE-890E-A560D77A2FAA}"
EndProject
Project("{2150E333-8FDC-42A3-9474-1A3956D46DE8}") = "Presentation", "Presentation", "{33B2A45C-5D85-42BF-BA2D-9CFF52225732}"
EndProject
Project("{9A19103F-16F7-4668-BE54-9A1E7A4F7556}") = "InfoWebAPI.Infrastructure", "Infrastructure\InfoWebAPI.Infrastructure\InfoWebAPI.Infrastructure.csproj", "{12CAEAFD-8B4A-4664-8326-B6665394776B}"
EndProject
Project("{9A19103F-16F7-4668-BE54-9A1E7A4F7556}") = "InfoWebAPI.Common", "Core\InfoWebAPI.Common\InfoWebAPI.Common.csproj", "{32D3C242-25D9-4A00-A7FF-E1BC318BC119}"
EndProject
Project("{2150E333-8FDC-42A3-9474-1A3956D46DE8}") = "Application", "Application", "{C5226C89-D99B-44EB-9E8A-947D0DE92CD7}"
EndProject
Project("{9A19103F-16F7-4668-BE54-9A1E7A4F7556}") = "InfoWebAPI.InfoWebAX.Application", "Core\Application\InfoWebAPI.InfoWebAX.Application\InfoWebAPI.InfoWebAX.Application.csproj", "{B09AE216-F043-43C9-A277-3EE0BC61A645}"
EndProject
Project("{9A19103F-16F7-4668-BE54-9A1E7A4F7556}") = "InfoWebAPI.Activities.Application", "Core\Application\InfoWebAPI.Activities.Application\InfoWebAPI.Activities.Application.csproj", "{0E637458-DB5A-4E55-A49F-229967940E18}"
EndProject
Global
	GlobalSection(SolutionConfigurationPlatforms) = preSolution
		Debug|Any CPU = Debug|Any CPU
		Release|Any CPU = Release|Any CPU
	EndGlobalSection
	GlobalSection(ProjectConfigurationPlatforms) = postSolution
		{989C591C-EB49-41BA-BE86-86C409E4A4D7}.Debug|Any CPU.ActiveCfg = Debug|Any CPU
		{989C591C-EB49-41BA-BE86-86C409E4A4D7}.Debug|Any CPU.Build.0 = Debug|Any CPU
		{989C591C-EB49-41BA-BE86-86C409E4A4D7}.Release|Any CPU.ActiveCfg = Release|Any CPU
		{989C591C-EB49-41BA-BE86-86C409E4A4D7}.Release|Any CPU.Build.0 = Release|Any CPU
		{A9DD4816-11F4-41E4-8189-79C7E011A11A}.Debug|Any CPU.ActiveCfg = Debug|Any CPU
		{A9DD4816-11F4-41E4-8189-79C7E011A11A}.Debug|Any CPU.Build.0 = Debug|Any CPU
		{A9DD4816-11F4-41E4-8189-79C7E011A11A}.Release|Any CPU.ActiveCfg = Release|Any CPU
		{A9DD4816-11F4-41E4-8189-79C7E011A11A}.Release|Any CPU.Build.0 = Release|Any CPU
		{1033E521-7255-4162-A9E1-ACFC7245A638}.Debug|Any CPU.ActiveCfg = Debug|Any CPU
		{1033E521-7255-4162-A9E1-ACFC7245A638}.Debug|Any CPU.Build.0 = Debug|Any CPU
		{1033E521-7255-4162-A9E1-ACFC7245A638}.Release|Any CPU.ActiveCfg = Release|Any CPU
		{1033E521-7255-4162-A9E1-ACFC7245A638}.Release|Any CPU.Build.0 = Release|Any CPU
		{05BB5107-1A2D-4307-A9FE-946FA651B166}.Debug|Any CPU.ActiveCfg = Debug|Any CPU
		{05BB5107-1A2D-4307-A9FE-946FA651B166}.Debug|Any CPU.Build.0 = Debug|Any CPU
		{05BB5107-1A2D-4307-A9FE-946FA651B166}.Release|Any CPU.ActiveCfg = Release|Any CPU
		{05BB5107-1A2D-4307-A9FE-946FA651B166}.Release|Any CPU.Build.0 = Release|Any CPU
		{12CAEAFD-8B4A-4664-8326-B6665394776B}.Debug|Any CPU.ActiveCfg = Debug|Any CPU
		{12CAEAFD-8B4A-4664-8326-B6665394776B}.Debug|Any CPU.Build.0 = Debug|Any CPU
		{12CAEAFD-8B4A-4664-8326-B6665394776B}.Release|Any CPU.ActiveCfg = Release|Any CPU
		{12CAEAFD-8B4A-4664-8326-B6665394776B}.Release|Any CPU.Build.0 = Release|Any CPU
		{32D3C242-25D9-4A00-A7FF-E1BC318BC119}.Debug|Any CPU.ActiveCfg = Debug|Any CPU
		{32D3C242-25D9-4A00-A7FF-E1BC318BC119}.Debug|Any CPU.Build.0 = Debug|Any CPU
		{32D3C242-25D9-4A00-A7FF-E1BC318BC119}.Release|Any CPU.ActiveCfg = Release|Any CPU
		{32D3C242-25D9-4A00-A7FF-E1BC318BC119}.Release|Any CPU.Build.0 = Release|Any CPU
		{B09AE216-F043-43C9-A277-3EE0BC61A645}.Debug|Any CPU.ActiveCfg = Debug|Any CPU
		{B09AE216-F043-43C9-A277-3EE0BC61A645}.Debug|Any CPU.Build.0 = Debug|Any CPU
		{B09AE216-F043-43C9-A277-3EE0BC61A645}.Release|Any CPU.ActiveCfg = Release|Any CPU
		{B09AE216-F043-43C9-A277-3EE0BC61A645}.Release|Any CPU.Build.0 = Release|Any CPU
		{0E637458-DB5A-4E55-A49F-229967940E18}.Debug|Any CPU.ActiveCfg = Debug|Any CPU
		{0E637458-DB5A-4E55-A49F-229967940E18}.Debug|Any CPU.Build.0 = Debug|Any CPU
		{0E637458-DB5A-4E55-A49F-229967940E18}.Release|Any CPU.ActiveCfg = Release|Any CPU
		{0E637458-DB5A-4E55-A49F-229967940E18}.Release|Any CPU.Build.0 = Release|Any CPU
	EndGlobalSection
	GlobalSection(SolutionProperties) = preSolution
		HideSolutionNode = FALSE
	EndGlobalSection
	GlobalSection(NestedProjects) = preSolution
		{989C591C-EB49-41BA-BE86-86C409E4A4D7} = {33B2A45C-5D85-42BF-BA2D-9CFF52225732}
		{A9DD4816-11F4-41E4-8189-79C7E011A11A} = {00FA9780-3674-4A5E-8A74-13ADB166DF78}
		{1033E521-7255-4162-A9E1-ACFC7245A638} = {C5226C89-D99B-44EB-9E8A-947D0DE92CD7}
		{05BB5107-1A2D-4307-A9FE-946FA651B166} = {52C121DA-8CC8-40FE-890E-A560D77A2FAA}
		{00FA9780-3674-4A5E-8A74-13ADB166DF78} = {FE5AAAAD-C6C6-4150-8610-F29760A48B03}
		{52C121DA-8CC8-40FE-890E-A560D77A2FAA} = {FE5AAAAD-C6C6-4150-8610-F29760A48B03}
		{33B2A45C-5D85-42BF-BA2D-9CFF52225732} = {FE5AAAAD-C6C6-4150-8610-F29760A48B03}
		{12CAEAFD-8B4A-4664-8326-B6665394776B} = {52C121DA-8CC8-40FE-890E-A560D77A2FAA}
		{32D3C242-25D9-4A00-A7FF-E1BC318BC119} = {00FA9780-3674-4A5E-8A74-13ADB166DF78}
		{C5226C89-D99B-44EB-9E8A-947D0DE92CD7} = {00FA9780-3674-4A5E-8A74-13ADB166DF78}
		{B09AE216-F043-43C9-A277-3EE0BC61A645} = {C5226C89-D99B-44EB-9E8A-947D0DE92CD7}
		{0E637458-DB5A-4E55-A49F-229967940E18} = {C5226C89-D99B-44EB-9E8A-947D0DE92CD7}
	EndGlobalSection
	GlobalSection(ExtensibilityGlobals) = postSolution
		SolutionGuid = {6A78B307-CE5E-447E-81EB-8587B3CC905C}
	EndGlobalSection
EndGlobal
